
Microsoft Visual Studio Solution File, Format Version 12.00
# Visual Studio Version 16
VisualStudioVersion = 16.0.31129.286
MinimumVisualStudioVersion = 10.0.40219.1
Project("{FAE04EC0-301F-11D3-BF4B-00C04F79EFBC}") = "DinerMax3000Console", "DinerMax3000Console\DinerMax3000Console.csproj", "{88277344-6131-4EF2-9D9E-B7FBDCD417F0}"
EndProject
Project("{FAE04EC0-301F-11D3-BF4B-00C04F79EFBC}") = "DinerMax3000BusinessLayer", "DinerMax3000BusinessLayer\DinerMax3000BusinessLayer.csproj", "{E5D7C401-44EA-4914-9680-CC0A3E7BF2DB}"
EndProject
Project("{FAE04EC0-301F-11D3-BF4B-00C04F79EFBC}") = "DinerMax3000WPFClient", "DinerMax3000WPFClient\DinerMax3000WPFClient.csproj", "{043522B5-E01A-46F0-B174-68964B78A0F6}"
EndProject
Project("{E24C65DC-7377-472B-9ABA-BC803B73C61A}") = "DinerMax3000Web", "DinerMax3000Web\", "{DCAB17A2-B002-43C1-95D9-98AA07201B91}"
	ProjectSection(WebsiteProperties) = preProject
		TargetFrameworkMoniker = ".NETFramework,Version%3Dv4.7.2"
		ProjectReferences = "{e5d7c401-44ea-4914-9680-cc0a3e7bf2db}|DinerMax3000BusinessLayer.dll;"
		Debug.AspNetCompiler.VirtualPath = "/localhost_56336"
		Debug.AspNetCompiler.PhysicalPath = "DinerMax3000Web\"
		Debug.AspNetCompiler.TargetPath = "PrecompiledWeb\localhost_56336\"
		Debug.AspNetCompiler.Updateable = "true"
		Debug.AspNetCompiler.ForceOverwrite = "true"
		Debug.AspNetCompiler.FixedNames = "false"
		Debug.AspNetCompiler.Debug = "True"
		Release.AspNetCompiler.VirtualPath = "/localhost_56336"
		Release.AspNetCompiler.PhysicalPath = "DinerMax3000Web\"
		Release.AspNetCompiler.TargetPath = "PrecompiledWeb\localhost_56336\"
		Release.AspNetCompiler.Updateable = "true"
		Release.AspNetCompiler.ForceOverwrite = "true"
		Release.AspNetCompiler.FixedNames = "false"
		Release.AspNetCompiler.Debug = "False"
		VWDPort = "56336"
		SlnRelativePath = "DinerMax3000Web\"
		DefaultWebSiteLanguage = "Visual C#"
	EndProjectSection
EndProject
Global
	GlobalSection(SolutionConfigurationPlatforms) = preSolution
		Debug|Any CPU = Debug|Any CPU
		Release|Any CPU = Release|Any CPU
	EndGlobalSection
	GlobalSection(ProjectConfigurationPlatforms) = postSolution
		{88277344-6131-4EF2-9D9E-B7FBDCD417F0}.Debug|Any CPU.ActiveCfg = Debug|Any CPU
		{88277344-6131-4EF2-9D9E-B7FBDCD417F0}.Debug|Any CPU.Build.0 = Debug|Any CPU
		{88277344-6131-4EF2-9D9E-B7FBDCD417F0}.Release|Any CPU.ActiveCfg = Release|Any CPU
		{88277344-6131-4EF2-9D9E-B7FBDCD417F0}.Release|Any CPU.Build.0 = Release|Any CPU
		{E5D7C401-44EA-4914-9680-CC0A3E7BF2DB}.Debug|Any CPU.ActiveCfg = Debug|Any CPU
		{E5D7C401-44EA-4914-9680-CC0A3E7BF2DB}.Debug|Any CPU.Build.0 = Debug|Any CPU
		{E5D7C401-44EA-4914-9680-CC0A3E7BF2DB}.Release|Any CPU.ActiveCfg = Release|Any CPU
		{E5D7C401-44EA-4914-9680-CC0A3E7BF2DB}.Release|Any CPU.Build.0 = Release|Any CPU
		{043522B5-E01A-46F0-B174-68964B78A0F6}.Debug|Any CPU.ActiveCfg = Debug|Any CPU
		{043522B5-E01A-46F0-B174-68964B78A0F6}.Debug|Any CPU.Build.0 = Debug|Any CPU
		{043522B5-E01A-46F0-B174-68964B78A0F6}.Release|Any CPU.ActiveCfg = Release|Any CPU
		{043522B5-E01A-46F0-B174-68964B78A0F6}.Release|Any CPU.Build.0 = Release|Any CPU
		{DCAB17A2-B002-43C1-95D9-98AA07201B91}.Debug|Any CPU.ActiveCfg = Debug|Any CPU
		{DCAB17A2-B002-43C1-95D9-98AA07201B91}.Debug|Any CPU.Build.0 = Debug|Any CPU
		{DCAB17A2-B002-43C1-95D9-98AA07201B91}.Release|Any CPU.ActiveCfg = Debug|Any CPU
		{DCAB17A2-B002-43C1-95D9-98AA07201B91}.Release|Any CPU.Build.0 = Debug|Any CPU
	EndGlobalSection
	GlobalSection(SolutionProperties) = preSolution
		HideSolutionNode = FALSE
	EndGlobalSection
	GlobalSection(ExtensibilityGlobals) = postSolution
		SolutionGuid = {2AD2C210-453F-49FA-9422-3066469E5FAF}
	EndGlobalSection
EndGlobal
